
Microsoft Visual Studio Solution File, Format Version 12.00
# Visual Studio Version 17
VisualStudioVersion = 17.14.36310.24 d17.14
MinimumVisualStudioVersion = 10.0.40219.1
Project("{FAE04EC0-301F-11D3-BF4B-00C04F79EFBC}") = "GiveWeapon", "GiveWeapon.csproj", "{D59B9D36-41FC-40AC-BDDC-1E30ED3852A2}"
EndProject
Global
	GlobalSection(SolutionConfigurationPlatforms) = preSolution
		Debug|Any CPU = Debug|Any CPU
		Release|Any CPU = Release|Any CPU
	EndGlobalSection
	GlobalSection(ProjectConfigurationPlatforms) = postSolution
		{D59B9D36-41FC-40AC-BDDC-1E30ED3852A2}.Debug|Any CPU.ActiveCfg = Debug|Any CPU
		{D59B9D36-41FC-40AC-BDDC-1E30ED3852A2}.Debug|Any CPU.Build.0 = Debug|Any CPU
		{D59B9D36-41FC-40AC-BDDC-1E30ED3852A2}.Release|Any CPU.ActiveCfg = Release|Any CPU
		{D59B9D36-41FC-40AC-BDDC-1E30ED3852A2}.Release|Any CPU.Build.0 = Release|Any CPU
	EndGlobalSection
	GlobalSection(SolutionProperties) = preSolution
		HideSolutionNode = FALSE
	EndGlobalSection
	GlobalSection(ExtensibilityGlobals) = postSolution
		SolutionGuid = {2C5F3DC5-68E8-43B6-9FF5-86C8ACE7EA89}
	EndGlobalSection
EndGlobal
